// !$*UTF8*$!
{
	archiveVersion = 1;
	classes = {
	};
	objectVersion = 51;
	objects = {

/* Begin PBXBuildFile section */
		6A51B4FA26E7A89300838475 /* AppDelegate.swift in Sources */ = {isa = PBXBuildFile; fileRef = 6A51B4F926E7A89300838475 /* AppDelegate.swift */; };
		6A51B4FC26E7A89300838475 /* SceneDelegate.swift in Sources */ = {isa = PBXBuildFile; fileRef = 6A51B4FB26E7A89300838475 /* SceneDelegate.swift */; };
		6A51B4FE26E7A89300838475 /* ViewController.swift in Sources */ = {isa = PBXBuildFile; fileRef = 6A51B4FD26E7A89300838475 /* ViewController.swift */; };
		6A51B50126E7A89300838475 /* Main.storyboard in Resources */ = {isa = PBXBuildFile; fileRef = 6A51B4FF26E7A89300838475 /* Main.storyboard */; };
		6A51B50326E7A89500838475 /* Assets.xcassets in Resources */ = {isa = PBXBuildFile; fileRef = 6A51B50226E7A89500838475 /* Assets.xcassets */; };
		6A51B50626E7A89500838475 /* LaunchScreen.storyboard in Resources */ = {isa = PBXBuildFile; fileRef = 6A51B50426E7A89500838475 /* LaunchScreen.storyboard */; };
		6A51B50E26E8991700838475 /* InputViewController.swift in Sources */ = {isa = PBXBuildFile; fileRef = 6A51B50D26E8991700838475 /* InputViewController.swift */; };
		6AFCC78126EAEA6700CE5C11 /* Task.swift in Sources */ = {isa = PBXBuildFile; fileRef = 6AFCC78026EAEA6700CE5C11 /* Task.swift */; };
		F5FA56BA03BB02A1FD78A854 /* Pods_taskuapp.framework in Frameworks */ = {isa = PBXBuildFile; fileRef = 7381923971410C11511F8670 /* Pods_taskuapp.framework */; };
/* End PBXBuildFile section */

/* Begin PBXFileReference section */
		6A51B4F626E7A89300838475 /* taskuapp.app */ = {isa = PBXFileReference; explicitFileType = wrapper.application; includeInIndex = 0; path = taskuapp.app; sourceTree = BUILT_PRODUCTS_DIR; };
		6A51B4F926E7A89300838475 /* AppDelegate.swift */ = {isa = PBXFileReference; lastKnownFileType = sourcecode.swift; path = AppDelegate.swift; sourceTree = "<group>"; };
		6A51B4FB26E7A89300838475 /* SceneDelegate.swift */ = {isa = PBXFileReference; lastKnownFileType = sourcecode.swift; path = SceneDelegate.swift; sourceTree = "<group>"; };
		6A51B4FD26E7A89300838475 /* ViewController.swift */ = {isa = PBXFileReference; lastKnownFileType = sourcecode.swift; path = ViewController.swift; sourceTree = "<group>"; };
		6A51B50026E7A89300838475 /* Base */ = {isa = PBXFileReference; lastKnownFileType = file.storyboard; name = Base; path = Base.lproj/Main.storyboard; sourceTree = "<group>"; };
		6A51B50226E7A89500838475 /* Assets.xcassets */ = {isa = PBXFileReference; lastKnownFileType = folder.assetcatalog; path = Assets.xcassets; sourceTree = "<group>"; };
		6A51B50526E7A89500838475 /* Base */ = {isa = PBXFileReference; lastKnownFileType = file.storyboard; name = Base; path = Base.lproj/LaunchScreen.storyboard; sourceTree = "<group>"; };
		6A51B50726E7A89500838475 /* Info.plist */ = {isa = PBXFileReference; lastKnownFileType = text.plist.xml; path = Info.plist; sourceTree = "<group>"; };
		6A51B50D26E8991700838475 /* InputViewController.swift */ = {isa = PBXFileReference; lastKnownFileType = sourcecode.swift; path = InputViewController.swift; sourceTree = "<group>"; };
		6AFCC78026EAEA6700CE5C11 /* Task.swift */ = {isa = PBXFileReference; lastKnownFileType = sourcecode.swift; path = Task.swift; sourceTree = "<group>"; };
		7381923971410C11511F8670 /* Pods_taskuapp.framework */ = {isa = PBXFileReference; explicitFileType = wrapper.framework; includeInIndex = 0; path = Pods_taskuapp.framework; sourceTree = BUILT_PRODUCTS_DIR; };
		C611B715C7B20D9F83B9FB31 /* Pods-taskuapp.release.xcconfig */ = {isa = PBXFileReference; includeInIndex = 1; lastKnownFileType = text.xcconfig; name = "Pods-taskuapp.release.xcconfig"; path = "Target Support Files/Pods-taskuapp/Pods-taskuapp.release.xcconfig"; sourceTree = "<group>"; };
		D6487EFB52F8888CD3A9D57A /* Pods-taskuapp.debug.xcconfig */ = {isa = PBXFileReference; includeInIndex = 1; lastKnownFileType = text.xcconfig; name = "Pods-taskuapp.debug.xcconfig"; path = "Target Support Files/Pods-taskuapp/Pods-taskuapp.debug.xcconfig"; sourceTree = "<group>"; };
/* End PBXFileReference section */

/* Begin PBXFrameworksBuildPhase section */
		6A51B4F326E7A89300838475 /* Frameworks */ = {
			isa = PBXFrameworksBuildPhase;
			buildActionMask = 2147483647;
			files = (
				F5FA56BA03BB02A1FD78A854 /* Pods_taskuapp.framework in Frameworks */,
			);
			runOnlyForDeploymentPostprocessing = 0;
		};
/* End PBXFrameworksBuildPhase section */

/* Begin PBXGroup section */
		40D3BA457A3094BBE6E60649 /* Frameworks */ = {
			isa = PBXGroup;
			children = (
				7381923971410C11511F8670 /* Pods_taskuapp.framework */,
			);
			name = Frameworks;
			sourceTree = "<group>";
		};
		6A51B4ED26E7A89300838475 = {
			isa = PBXGroup;
			children = (
				6A51B4F826E7A89300838475 /* taskuapp */,
				6A51B4F726E7A89300838475 /* Products */,
				E984D73678A75BF36146A9A4 /* Pods */,
				40D3BA457A3094BBE6E60649 /* Frameworks */,
			);
			sourceTree = "<group>";
		};
		6A51B4F726E7A89300838475 /* Products */ = {
			isa = PBXGroup;
			children = (
				6A51B4F626E7A89300838475 /* taskuapp.app */,
			);
			name = Products;
			sourceTree = "<group>";
		};
		6A51B4F826E7A89300838475 /* taskuapp */ = {
			isa = PBXGroup;
			children = (
				6A51B4F926E7A89300838475 /* AppDelegate.swift */,
				6A51B4FB26E7A89300838475 /* SceneDelegate.swift */,
				6A51B4FD26E7A89300838475 /* ViewController.swift */,
				6A51B50D26E8991700838475 /* InputViewController.swift */,
				6AFCC78026EAEA6700CE5C11 /* Task.swift */,
				6A51B4FF26E7A89300838475 /* Main.storyboard */,
				6A51B50226E7A89500838475 /* Assets.xcassets */,
				6A51B50426E7A89500838475 /* LaunchScreen.storyboard */,
				6A51B50726E7A89500838475 /* Info.plist */,
			);
			path = taskuapp;
			sourceTree = "<group>";
		};
		E984D73678A75BF36146A9A4 /* Pods */ = {
			isa = PBXGroup;
			children = (
				D6487EFB52F8888CD3A9D57A /* Pods-taskuapp.debug.xcconfig */,
				C611B715C7B20D9F83B9FB31 /* Pods-taskuapp.release.xcconfig */,
			);
			path = Pods;
			sourceTree = "<group>";
		};
/* End PBXGroup section */

/* Begin PBXNativeTarget section */
		6A51B4F526E7A89300838475 /* taskuapp */ = {
			isa = PBXNativeTarget;
			buildConfigurationList = 6A51B50A26E7A89500838475 /* Build configuration list for PBXNativeTarget "taskuapp" */;
			buildPhases = (
				C62D26C06B92A456C8601046 /* [CP] Check Pods Manifest.lock */,
				6A51B4F226E7A89300838475 /* Sources */,
				6A51B4F326E7A89300838475 /* Frameworks */,
				6A51B4F426E7A89300838475 /* Resources */,
				B5585B5025DB0419C1089F5D /* [CP] Embed Pods Frameworks */,
			);
			buildRules = (
			);
			dependencies = (
			);
			name = taskuapp;
			productName = taskuapp;
			productReference = 6A51B4F626E7A89300838475 /* taskuapp.app */;
			productType = "com.apple.product-type.application";
		};
/* End PBXNativeTarget section */

/* Begin PBXProject section */
		6A51B4EE26E7A89300838475 /* Project object */ = {
			isa = PBXProject;
			attributes = {
				LastSwiftUpdateCheck = 1250;
				LastUpgradeCheck = 1250;
				TargetAttributes = {
					6A51B4F526E7A89300838475 = {
						CreatedOnToolsVersion = 12.5.1;
					};
				};
			};
			buildConfigurationList = 6A51B4F126E7A89300838475 /* Build configuration list for PBXProject "taskuapp" */;
			compatibilityVersion = "Xcode 9.3";
			developmentRegion = en;
			hasScannedForEncodings = 0;
			knownRegions = (
				en,
				Base,
			);
			mainGroup = 6A51B4ED26E7A89300838475;
			productRefGroup = 6A51B4F726E7A89300838475 /* Products */;
			projectDirPath = "";
			projectRoot = "";
			targets = (
				6A51B4F526E7A89300838475 /* taskuapp */,
			);
		};
/* End PBXProject section */

/* Begin PBXResourcesBuildPhase section */
		6A51B4F426E7A89300838475 /* Resources */ = {
			isa = PBXResourcesBuildPhase;
			buildActionMask = 2147483647;
			files = (
				6A51B50626E7A89500838475 /* LaunchScreen.storyboard in Resources */,
				6A51B50326E7A89500838475 /* Assets.xcassets in Resources */,
				6A51B50126E7A89300838475 /* Main.storyboard in Resources */,
			);
			runOnlyForDeploymentPostprocessing = 0;
		};
/* End PBXResourcesBuildPhase section */

/* Begin PBXShellScriptBuildPhase section */
		B5585B5025DB0419C1089F5D /* [CP] Embed Pods Frameworks */ = {
			isa = PBXShellScriptBuildPhase;
			buildActionMask = 2147483647;
			files = (
			);
			inputFileListPaths = (
				"${PODS_ROOT}/Target Support Files/Pods-taskuapp/Pods-taskuapp-frameworks-${CONFIGURATION}-input-files.xcfilelist",
			);
			name = "[CP] Embed Pods Frameworks";
			outputFileListPaths = (
				"${PODS_ROOT}/Target Support Files/Pods-taskuapp/Pods-taskuapp-frameworks-${CONFIGURATION}-output-files.xcfilelist",
			);
			runOnlyForDeploymentPostprocessing = 0;
			shellPath = /bin/sh;
			shellScript = "\"${PODS_ROOT}/Target Support Files/Pods-taskuapp/Pods-taskuapp-frameworks.sh\"\n";
			showEnvVarsInLog = 0;
		};
		C62D26C06B92A456C8601046 /* [CP] Check Pods Manifest.lock */ = {
			isa = PBXShellScriptBuildPhase;
			buildActionMask = 2147483647;
			files = (
			);
			inputFileListPaths = (
			);
			inputPaths = (
				"${PODS_PODFILE_DIR_PATH}/Podfile.lock",
				"${PODS_ROOT}/Manifest.lock",
			);
			name = "[CP] Check Pods Manifest.lock";
			outputFileListPaths = (
			);
			outputPaths = (
				"$(DERIVED_FILE_DIR)/Pods-taskuapp-checkManifestLockResult.txt",
			);
			runOnlyForDeploymentPostprocessing = 0;
			shellPath = /bin/sh;
			shellScript = "diff \"${PODS_PODFILE_DIR_PATH}/Podfile.lock\" \"${PODS_ROOT}/Manifest.lock\" > /dev/null\nif [ $? != 0 ] ; then\n    # print error to STDERR\n    echo \"error: The sandbox is not in sync with the Podfile.lock. Run 'pod install' or update your CocoaPods installation.\" >&2\n    exit 1\nfi\n# This output is used by Xcode 'outputs' to avoid re-running this script phase.\necho \"SUCCESS\" > \"${SCRIPT_OUTPUT_FILE_0}\"\n";
			showEnvVarsInLog = 0;
		};
/* End PBXShellScriptBuildPhase section */

/* Begin PBXSourcesBuildPhase section */
		6A51B4F226E7A89300838475 /* Sources */ = {
			isa = PBXSourcesBuildPhase;
			buildActionMask = 2147483647;
			files = (
				6A51B4FE26E7A89300838475 /* ViewController.swift in Sources */,
				6A51B4FA26E7A89300838475 /* AppDelegate.swift in Sources */,
				6AFCC78126EAEA6700CE5C11 /* Task.swift in Sources */,
				6A51B4FC26E7A89300838475 /* SceneDelegate.swift in Sources */,
				6A51B50E26E8991700838475 /* InputViewController.swift in Sources */,
			);
			runOnlyForDeploymentPostprocessing = 0;
		};
/* End PBXSourcesBuildPhase section */

/* Begin PBXVariantGroup section */
		6A51B4FF26E7A89300838475 /* Main.storyboard */ = {
			isa = PBXVariantGroup;
			children = (
				6A51B50026E7A89300838475 /* Base */,
			);
			name = Main.storyboard;
			sourceTree = "<group>";
		};
		6A51B50426E7A89500838475 /* LaunchScreen.storyboard */ = {
			isa = PBXVariantGroup;
			children = (
				6A51B50526E7A89500838475 /* Base */,
			);
			name = LaunchScreen.storyboard;
			sourceTree = "<group>";
		};
/* End PBXVariantGroup section */

/* Begin XCBuildConfiguration section */
		6A51B50826E7A89500838475 /* Debug */ = {
			isa = XCBuildConfiguration;
			buildSettings = {
				ALWAYS_SEARCH_USER_PATHS = NO;
				CLANG_ANALYZER_NONNULL = YES;
				CLANG_ANALYZER_NUMBER_OBJECT_CONVERSION = YES_AGGRESSIVE;
				CLANG_CXX_LANGUAGE_STANDARD = "gnu++14";
				CLANG_CXX_LIBRARY = "libc++";
				CLANG_ENABLE_MODULES = YES;
				CLANG_ENABLE_OBJC_ARC = YES;
				CLANG_ENABLE_OBJC_WEAK = YES;
				CLANG_WARN_BLOCK_CAPTURE_AUTORELEASING = YES;
				CLANG_WARN_BOOL_CONVERSION = YES;
				CLANG_WARN_COMMA = YES;
				CLANG_WARN_CONSTANT_CONVERSION = YES;
				CLANG_WARN_DEPRECATED_OBJC_IMPLEMENTATIONS = YES;
				CLANG_WARN_DIRECT_OBJC_ISA_USAGE = YES_ERROR;
				CLANG_WARN_DOCUMENTATION_COMMENTS = YES;
				CLANG_WARN_EMPTY_BODY = YES;
				CLANG_WARN_ENUM_CONVERSION = YES;
				CLANG_WARN_INFINITE_RECURSION = YES;
				CLANG_WARN_INT_CONVERSION = YES;
				CLANG_WARN_NON_LITERAL_NULL_CONVERSION = YES;
				CLANG_WARN_OBJC_IMPLICIT_RETAIN_SELF = YES;
				CLANG_WARN_OBJC_LITERAL_CONVERSION = YES;
				CLANG_WARN_OBJC_ROOT_CLASS = YES_ERROR;
				CLANG_WARN_QUOTED_INCLUDE_IN_FRAMEWORK_HEADER = YES;
				CLANG_WARN_RANGE_LOOP_ANALYSIS = YES;
				CLANG_WARN_STRICT_PROTOTYPES = YES;
				CLANG_WARN_SUSPICIOUS_MOVE = YES;
				CLANG_WARN_UNGUARDED_AVAILABILITY = YES_AGGRESSIVE;
				CLANG_WARN_UNREACHABLE_CODE = YES;
				CLANG_WARN__DUPLICATE_METHOD_MATCH = YES;
				COPY_PHASE_STRIP = NO;
				DEBUG_INFORMATION_FORMAT = dwarf;
				ENABLE_STRICT_OBJC_MSGSEND = YES;
				ENABLE_TESTABILITY = YES;
				GCC_C_LANGUAGE_STANDARD = gnu11;
				GCC_DYNAMIC_NO_PIC = NO;
				GCC_NO_COMMON_BLOCKS = YES;
				GCC_OPTIMIZATION_LEVEL = 0;
				GCC_PREPROCESSOR_DEFINITIONS = (
					"DEBUG=1",
					"$(inherited)",
				);
				GCC_WARN_64_TO_32_BIT_CONVERSION = YES;
				GCC_WARN_ABOUT_RETURN_TYPE = YES_ERROR;
				GCC_WARN_UNDECLARED_SELECTOR = YES;
				GCC_WARN_UNINITIALIZED_AUTOS = YES_AGGRESSIVE;
				GCC_WARN_UNUSED_FUNCTION = YES;
				GCC_WARN_UNUSED_VARIABLE = YES;
				IPHONEOS_DEPLOYMENT_TARGET = 14.5;
				MTL_ENABLE_DEBUG_INFO = INCLUDE_SOURCE;
				MTL_FAST_MATH = YES;
				ONLY_ACTIVE_ARCH = YES;
				SDKROOT = iphoneos;
				SWIFT_ACTIVE_COMPILATION_CONDITIONS = DEBUG;
				SWIFT_OPTIMIZATION_LEVEL = "-Onone";
			};
			name = Debug;
		};
		6A51B50926E7A89500838475 /* Release */ = {
			isa = XCBuildConfiguration;
			buildSettings = {
				ALWAYS_SEARCH_USER_PATHS = NO;
				CLANG_ANALYZER_NONNULL = YES;
				CLANG_ANALYZER_NUMBER_OBJECT_CONVERSION = YES_AGGRESSIVE;
				CLANG_CXX_LANGUAGE_STANDARD = "gnu++14";
				CLANG_CXX_LIBRARY = "libc++";
				CLANG_ENABLE_MODULES = YES;
				CLANG_ENABLE_OBJC_ARC = YES;
				CLANG_ENABLE_OBJC_WEAK = YES;
				CLANG_WARN_BLOCK_CAPTURE_AUTORELEASING = YES;
				CLANG_WARN_BOOL_CONVERSION = YES;
				CLANG_WARN_COMMA = YES;
				CLANG_WARN_CONSTANT_CONVERSION = YES;
				CLANG_WARN_DEPRECATED_OBJC_IMPLEMENTATIONS = YES;
				CLANG_WARN_DIRECT_OBJC_ISA_USAGE = YES_ERROR;
				CLANG_WARN_DOCUMENTATION_COMMENTS = YES;
				CLANG_WARN_EMPTY_BODY = YES;
				CLANG_WARN_ENUM_CONVERSION = YES;
				CLANG_WARN_INFINITE_RECURSION = YES;
				CLANG_WARN_INT_CONVERSION = YES;
				CLANG_WARN_NON_LITERAL_NULL_CONVERSION = YES;
				CLANG_WARN_OBJC_IMPLICIT_RETAIN_SELF = YES;
				CLANG_WARN_OBJC_LITERAL_CONVERSION = YES;
				CLANG_WARN_OBJC_ROOT_CLASS = YES_ERROR;
				CLANG_WARN_QUOTED_INCLUDE_IN_FRAMEWORK_HEADER = YES;
				CLANG_WARN_RANGE_LOOP_ANALYSIS = YES;
				CLANG_WARN_STRICT_PROTOTYPES = YES;
				CLANG_WARN_SUSPICIOUS_MOVE = YES;
				CLANG_WARN_UNGUARDED_AVAILABILITY = YES_AGGRESSIVE;
				CLANG_WARN_UNREACHABLE_CODE = YES;
				CLANG_WARN__DUPLICATE_METHOD_MATCH = YES;
				COPY_PHASE_STRIP = NO;
				DEBUG_INFORMATION_FORMAT = "dwarf-with-dsym";
				ENABLE_NS_ASSERTIONS = NO;
				ENABLE_STRICT_OBJC_MSGSEND = YES;
				GCC_C_LANGUAGE_STANDARD = gnu11;
				GCC_NO_COMMON_BLOCKS = YES;
				GCC_WARN_64_TO_32_BIT_CONVERSION = YES;
				GCC_WARN_ABOUT_RETURN_TYPE = YES_ERROR;
				GCC_WARN_UNDECLARED_SELECTOR = YES;
				GCC_WARN_UNINITIALIZED_AUTOS = YES_AGGRESSIVE;
				GCC_WARN_UNUSED_FUNCTION = YES;
				GCC_WARN_UNUSED_VARIABLE = YES;
				IPHONEOS_DEPLOYMENT_TARGET = 14.5;
				MTL_ENABLE_DEBUG_INFO = NO;
				MTL_FAST_MATH = YES;
				SDKROOT = iphoneos;
				SWIFT_COMPILATION_MODE = wholemodule;
				SWIFT_OPTIMIZATION_LEVEL = "-O";
				VALIDATE_PRODUCT = YES;
			};
			name = Release;
		};
		6A51B50B26E7A89500838475 /* Debug */ = {
			isa = XCBuildConfiguration;
			baseConfigurationReference = D6487EFB52F8888CD3A9D57A /* Pods-taskuapp.debug.xcconfig */;
			buildSettings = {
				ASSETCATALOG_COMPILER_APPICON_NAME = AppIcon;
				ASSETCATALOG_COMPILER_GLOBAL_ACCENT_COLOR_NAME = AccentColor;
				CODE_SIGN_STYLE = Automatic;
				INFOPLIST_FILE = taskuapp/Info.plist;
				LD_RUNPATH_SEARCH_PATHS = (
					"$(inherited)",
					"@executable_path/Frameworks",
				);
				PRODUCT_BUNDLE_IDENTIFIER = jp.techachademy.makotonakan.taskuapp;
				PRODUCT_NAME = "$(TARGET_NAME)";
				SWIFT_VERSION = 5.0;
				TARGETED_DEVICE_FAMILY = 1;
			};
			name = Debug;
		};
		6A51B50C26E7A89500838475 /* Release */ = {
			isa = XCBuildConfiguration;
			baseConfigurationReference = C611B715C7B20D9F83B9FB31 /* Pods-taskuapp.release.xcconfig */;
			buildSettings = {
				ASSETCATALOG_COMPILER_APPICON_NAME = AppIcon;
				ASSETCATALOG_COMPILER_GLOBAL_ACCENT_COLOR_NAME = AccentColor;
				CODE_SIGN_STYLE = Automatic;
				INFOPLIST_FILE = taskuapp/Info.plist;
				LD_RUNPATH_SEARCH_PATHS = (
					"$(inherited)",
					"@executable_path/Frameworks",
				);
				PRODUCT_BUNDLE_IDENTIFIER = jp.techachademy.makotonakan.taskuapp;
				PRODUCT_NAME = "$(TARGET_NAME)";
				SWIFT_VERSION = 5.0;
				TARGETED_DEVICE_FAMILY = 1;
			};
			name = Release;
		};
/* End XCBuildConfiguration section */

/* Begin XCConfigurationList section */
		6A51B4F126E7A89300838475 /* Build configuration list for PBXProject "taskuapp" */ = {
			isa = XCConfigurationList;
			buildConfigurations = (
				6A51B50826E7A89500838475 /* Debug */,
				6A51B50926E7A89500838475 /* Release */,
			);
			defaultConfigurationIsVisible = 0;
			defaultConfigurationName = Release;
		};
		6A51B50A26E7A89500838475 /* Build configuration list for PBXNativeTarget "taskuapp" */ = {
			isa = XCConfigurationList;
			buildConfigurations = (
				6A51B50B26E7A89500838475 /* Debug */,
				6A51B50C26E7A89500838475 /* Release */,
			);
			defaultConfigurationIsVisible = 0;
			defaultConfigurationName = Release;
		};
/* End XCConfigurationList section */
	};
	rootObject = 6A51B4EE26E7A89300838475 /* Project object */;
}
